// !$*UTF8*$!
{
	archiveVersion = 1;
	classes = {
	};
	objectVersion = 46;
	objects = {

/* Begin PBXBuildFile section */
		0448BD6B1CFE795300F88C58 /* Snip20160531_1.png in Resources */ = {isa = PBXBuildFile; fileRef = 0448BD6A1CFE795300F88C58 /* Snip20160531_1.png */; };
		04B09E6F1CFD1E5E001D3E55 /* main.m in Sources */ = {isa = PBXBuildFile; fileRef = 04B09E6E1CFD1E5E001D3E55 /* main.m */; };
		04B09E721CFD1E5E001D3E55 /* AppDelegate.m in Sources */ = {isa = PBXBuildFile; fileRef = 04B09E711CFD1E5E001D3E55 /* AppDelegate.m */; };
		04B09E751CFD1E5E001D3E55 /* ViewController.m in Sources */ = {isa = PBXBuildFile; fileRef = 04B09E741CFD1E5E001D3E55 /* ViewController.m */; };
		04B09E781CFD1E5E001D3E55 /* Main.storyboard in Resources */ = {isa = PBXBuildFile; fileRef = 04B09E761CFD1E5E001D3E55 /* Main.storyboard */; };
		04B09E7A1CFD1E5E001D3E55 /* Assets.xcassets in Resources */ = {isa = PBXBuildFile; fileRef = 04B09E791CFD1E5E001D3E55 /* Assets.xcassets */; };
		04B09E7D1CFD1E5E001D3E55 /* LaunchScreen.storyboard in Resources */ = {isa = PBXBuildFile; fileRef = 04B09E7B1CFD1E5E001D3E55 /* LaunchScreen.storyboard */; };
		04B09E881CFD1E5E001D3E55 /* MallTests.m in Sources */ = {isa = PBXBuildFile; fileRef = 04B09E871CFD1E5E001D3E55 /* MallTests.m */; };
		04B09E931CFD1E5E001D3E55 /* MallUITests.m in Sources */ = {isa = PBXBuildFile; fileRef = 04B09E921CFD1E5E001D3E55 /* MallUITests.m */; };
		04B09EA01CFD20CA001D3E55 /* MallIbfo.m in Sources */ = {isa = PBXBuildFile; fileRef = 04B09E9F1CFD20CA001D3E55 /* MallIbfo.m */; };
		04B09EA31CFD235E001D3E55 /* MallCell.m in Sources */ = {isa = PBXBuildFile; fileRef = 04B09EA21CFD235E001D3E55 /* MallCell.m */; };
		04B09EA51CFD5AAD001D3E55 /* Images.xcassets in Resources */ = {isa = PBXBuildFile; fileRef = 04B09EA41CFD5AAD001D3E55 /* Images.xcassets */; };
		04BF8D0F1CFBD996006C7B01 /* main.m in Sources */ = {isa = PBXBuildFile; fileRef = 04BF8D0E1CFBD996006C7B01 /* main.m */; };
		04BF8D121CFBD996006C7B01 /* AppDelegate.m in Sources */ = {isa = PBXBuildFile; fileRef = 04BF8D111CFBD996006C7B01 /* AppDelegate.m */; };
		04BF8D151CFBD996006C7B01 /* ViewController.m in Sources */ = {isa = PBXBuildFile; fileRef = 04BF8D141CFBD996006C7B01 /* ViewController.m */; };
		04BF8D181CFBD996006C7B01 /* Main.storyboard in Resources */ = {isa = PBXBuildFile; fileRef = 04BF8D161CFBD996006C7B01 /* Main.storyboard */; };
		04BF8D1A1CFBD996006C7B01 /* Assets.xcassets in Resources */ = {isa = PBXBuildFile; fileRef = 04BF8D191CFBD996006C7B01 /* Assets.xcassets */; };
		04BF8D1D1CFBD996006C7B01 /* LaunchScreen.storyboard in Resources */ = {isa = PBXBuildFile; fileRef = 04BF8D1B1CFBD996006C7B01 /* LaunchScreen.storyboard */; };
		04BF8D281CFBD996006C7B01 /* CartTests.m in Sources */ = {isa = PBXBuildFile; fileRef = 04BF8D271CFBD996006C7B01 /* CartTests.m */; };
		04BF8D331CFBD996006C7B01 /* CartUITests.m in Sources */ = {isa = PBXBuildFile; fileRef = 04BF8D321CFBD996006C7B01 /* CartUITests.m */; };
		04BF8D421CFBEFC4006C7B01 /* MyCell.m in Sources */ = {isa = PBXBuildFile; fileRef = 04BF8D411CFBEFC4006C7B01 /* MyCell.m */; };
/* End PBXBuildFile section */

/* Begin PBXContainerItemProxy section */
		04B09E841CFD1E5E001D3E55 /* PBXContainerItemProxy */ = {
			isa = PBXContainerItemProxy;
			containerPortal = 04BF8D021CFBD995006C7B01 /* Project object */;
			proxyType = 1;
			remoteGlobalIDString = 04B09E6A1CFD1E5E001D3E55;
			remoteInfo = Mall;
		};
		04B09E8F1CFD1E5E001D3E55 /* PBXContainerItemProxy */ = {
			isa = PBXContainerItemProxy;
			containerPortal = 04BF8D021CFBD995006C7B01 /* Project object */;
			proxyType = 1;
			remoteGlobalIDString = 04B09E6A1CFD1E5E001D3E55;
			remoteInfo = Mall;
		};
		04BF8D241CFBD996006C7B01 /* PBXContainerItemProxy */ = {
			isa = PBXContainerItemProxy;
			containerPortal = 04BF8D021CFBD995006C7B01 /* Project object */;
			proxyType = 1;
			remoteGlobalIDString = 04BF8D091CFBD996006C7B01;
			remoteInfo = Cart;
		};
		04BF8D2F1CFBD996006C7B01 /* PBXContainerItemProxy */ = {
			isa = PBXContainerItemProxy;
			containerPortal = 04BF8D021CFBD995006C7B01 /* Project object */;
			proxyType = 1;
			remoteGlobalIDString = 04BF8D091CFBD996006C7B01;
			remoteInfo = Cart;
		};
/* End PBXContainerItemProxy section */

/* Begin PBXFileReference section */
		0448BD6A1CFE795300F88C58 /* Snip20160531_1.png */ = {isa = PBXFileReference; lastKnownFileType = image.png; path = Snip20160531_1.png; sourceTree = "<group>"; };
		04B09E6B1CFD1E5E001D3E55 /* Mall.app */ = {isa = PBXFileReference; explicitFileType = wrapper.application; includeInIndex = 0; path = Mall.app; sourceTree = BUILT_PRODUCTS_DIR; };
		04B09E6E1CFD1E5E001D3E55 /* main.m */ = {isa = PBXFileReference; lastKnownFileType = sourcecode.c.objc; path = main.m; sourceTree = "<group>"; };
		04B09E701CFD1E5E001D3E55 /* AppDelegate.h */ = {isa = PBXFileReference; lastKnownFileType = sourcecode.c.h; path = AppDelegate.h; sourceTree = "<group>"; };
		04B09E711CFD1E5E001D3E55 /* AppDelegate.m */ = {isa = PBXFileReference; lastKnownFileType = sourcecode.c.objc; path = AppDelegate.m; sourceTree = "<group>"; };
		04B09E731CFD1E5E001D3E55 /* ViewController.h */ = {isa = PBXFileReference; lastKnownFileType = sourcecode.c.h; path = ViewController.h; sourceTree = "<group>"; };
		04B09E741CFD1E5E001D3E55 /* ViewController.m */ = {isa = PBXFileReference; lastKnownFileType = sourcecode.c.objc; path = ViewController.m; sourceTree = "<group>"; };
		04B09E771CFD1E5E001D3E55 /* Base */ = {isa = PBXFileReference; lastKnownFileType = file.storyboard; name = Base; path = Base.lproj/Main.storyboard; sourceTree = "<group>"; };
		04B09E791CFD1E5E001D3E55 /* Assets.xcassets */ = {isa = PBXFileReference; lastKnownFileType = folder.assetcatalog; path = Assets.xcassets; sourceTree = "<group>"; };
		04B09E7C1CFD1E5E001D3E55 /* Base */ = {isa = PBXFileReference; lastKnownFileType = file.storyboard; name = Base; path = Base.lproj/LaunchScreen.storyboard; sourceTree = "<group>"; };
		04B09E7E1CFD1E5E001D3E55 /* Info.plist */ = {isa = PBXFileReference; lastKnownFileType = text.plist.xml; path = Info.plist; sourceTree = "<group>"; };
		04B09E831CFD1E5E001D3E55 /* MallTests.xctest */ = {isa = PBXFileReference; explicitFileType = wrapper.cfbundle; includeInIndex = 0; path = MallTests.xctest; sourceTree = BUILT_PRODUCTS_DIR; };
		04B09E871CFD1E5E001D3E55 /* MallTests.m */ = {isa = PBXFileReference; lastKnownFileType = sourcecode.c.objc; path = MallTests.m; sourceTree = "<group>"; };
		04B09E891CFD1E5E001D3E55 /* Info.plist */ = {isa = PBXFileReference; lastKnownFileType = text.plist.xml; path = Info.plist; sourceTree = "<group>"; };
		04B09E8E1CFD1E5E001D3E55 /* MallUITests.xctest */ = {isa = PBXFileReference; explicitFileType = wrapper.cfbundle; includeInIndex = 0; path = MallUITests.xctest; sourceTree = BUILT_PRODUCTS_DIR; };
		04B09E921CFD1E5E001D3E55 /* MallUITests.m */ = {isa = PBXFileReference; lastKnownFileType = sourcecode.c.objc; path = MallUITests.m; sourceTree = "<group>"; };
		04B09E941CFD1E5E001D3E55 /* Info.plist */ = {isa = PBXFileReference; lastKnownFileType = text.plist.xml; path = Info.plist; sourceTree = "<group>"; };
		04B09E9E1CFD20CA001D3E55 /* MallIbfo.h */ = {isa = PBXFileReference; fileEncoding = 4; lastKnownFileType = sourcecode.c.h; path = MallIbfo.h; sourceTree = "<group>"; };
		04B09E9F1CFD20CA001D3E55 /* MallIbfo.m */ = {isa = PBXFileReference; fileEncoding = 4; lastKnownFileType = sourcecode.c.objc; path = MallIbfo.m; sourceTree = "<group>"; };
		04B09EA11CFD235E001D3E55 /* MallCell.h */ = {isa = PBXFileReference; fileEncoding = 4; lastKnownFileType = sourcecode.c.h; path = MallCell.h; sourceTree = "<group>"; };
		04B09EA21CFD235E001D3E55 /* MallCell.m */ = {isa = PBXFileReference; fileEncoding = 4; lastKnownFileType = sourcecode.c.objc; path = MallCell.m; sourceTree = "<group>"; };
		04B09EA41CFD5AAD001D3E55 /* Images.xcassets */ = {isa = PBXFileReference; lastKnownFileType = folder.assetcatalog; path = Images.xcassets; sourceTree = "<group>"; };
		04BF8D0A1CFBD996006C7B01 /* Cart.app */ = {isa = PBXFileReference; explicitFileType = wrapper.application; includeInIndex = 0; path = Cart.app; sourceTree = BUILT_PRODUCTS_DIR; };
		04BF8D0E1CFBD996006C7B01 /* main.m */ = {isa = PBXFileReference; lastKnownFileType = sourcecode.c.objc; path = main.m; sourceTree = "<group>"; };
		04BF8D101CFBD996006C7B01 /* AppDelegate.h */ = {isa = PBXFileReference; lastKnownFileType = sourcecode.c.h; path = AppDelegate.h; sourceTree = "<group>"; };
		04BF8D111CFBD996006C7B01 /* AppDelegate.m */ = {isa = PBXFileReference; lastKnownFileType = sourcecode.c.objc; path = AppDelegate.m; sourceTree = "<group>"; };
		04BF8D131CFBD996006C7B01 /* ViewController.h */ = {isa = PBXFileReference; lastKnownFileType = sourcecode.c.h; path = ViewController.h; sourceTree = "<group>"; };
		04BF8D141CFBD996006C7B01 /* ViewController.m */ = {isa = PBXFileReference; lastKnownFileType = sourcecode.c.objc; path = ViewController.m; sourceTree = "<group>"; };
		04BF8D171CFBD996006C7B01 /* Base */ = {isa = PBXFileReference; lastKnownFileType = file.storyboard; name = Base; path = Base.lproj/Main.storyboard; sourceTree = "<group>"; };
		04BF8D191CFBD996006C7B01 /* Assets.xcassets */ = {isa = PBXFileReference; lastKnownFileType = folder.assetcatalog; path = Assets.xcassets; sourceTree = "<group>"; };
		04BF8D1C1CFBD996006C7B01 /* Base */ = {isa = PBXFileReference; lastKnownFileType = file.storyboard; name = Base; path = Base.lproj/LaunchScreen.storyboard; sourceTree = "<group>"; };
		04BF8D1E1CFBD996006C7B01 /* Info.plist */ = {isa = PBXFileReference; lastKnownFileType = text.plist.xml; path = Info.plist; sourceTree = "<group>"; };
		04BF8D231CFBD996006C7B01 /* CartTests.xctest */ = {isa = PBXFileReference; explicitFileType = wrapper.cfbundle; includeInIndex = 0; path = CartTests.xctest; sourceTree = BUILT_PRODUCTS_DIR; };
		04BF8D271CFBD996006C7B01 /* CartTests.m */ = {isa = PBXFileReference; lastKnownFileType = sourcecode.c.objc; path = CartTests.m; sourceTree = "<group>"; };
		04BF8D291CFBD996006C7B01 /* Info.plist */ = {isa = PBXFileReference; lastKnownFileType = text.plist.xml; path = Info.plist; sourceTree = "<group>"; };
		04BF8D2E1CFBD996006C7B01 /* CartUITests.xctest */ = {isa = PBXFileReference; explicitFileType = wrapper.cfbundle; includeInIndex = 0; path = CartUITests.xctest; sourceTree = BUILT_PRODUCTS_DIR; };
		04BF8D321CFBD996006C7B01 /* CartUITests.m */ = {isa = PBXFileReference; lastKnownFileType = sourcecode.c.objc; path = CartUITests.m; sourceTree = "<group>"; };
		04BF8D341CFBD996006C7B01 /* Info.plist */ = {isa = PBXFileReference; lastKnownFileType = text.plist.xml; path = Info.plist; sourceTree = "<group>"; };
		04BF8D401CFBEFC4006C7B01 /* MyCell.h */ = {isa = PBXFileReference; fileEncoding = 4; lastKnownFileType = sourcecode.c.h; path = MyCell.h; sourceTree = "<group>"; };
		04BF8D411CFBEFC4006C7B01 /* MyCell.m */ = {isa = PBXFileReference; fileEncoding = 4; lastKnownFileType = sourcecode.c.objc; path = MyCell.m; sourceTree = "<group>"; };
/* End PBXFileReference section */

/* Begin PBXFrameworksBuildPhase section */
		04B09E681CFD1E5E001D3E55 /* Frameworks */ = {
			isa = PBXFrameworksBuildPhase;
			buildActionMask = 2147483647;
			files = (
			);
			runOnlyForDeploymentPostprocessing = 0;
		};
		04B09E801CFD1E5E001D3E55 /* Frameworks */ = {
			isa = PBXFrameworksBuildPhase;
			buildActionMask = 2147483647;
			files = (
			);
			runOnlyForDeploymentPostprocessing = 0;
		};
		04B09E8B1CFD1E5E001D3E55 /* Frameworks */ = {
			isa = PBXFrameworksBuildPhase;
			buildActionMask = 2147483647;
			files = (
			);
			runOnlyForDeploymentPostprocessing = 0;
		};
		04BF8D071CFBD996006C7B01 /* Frameworks */ = {
			isa = PBXFrameworksBuildPhase;
			buildActionMask = 2147483647;
			files = (
			);
			runOnlyForDeploymentPostprocessing = 0;
		};
		04BF8D201CFBD996006C7B01 /* Frameworks */ = {
			isa = PBXFrameworksBuildPhase;
			buildActionMask = 2147483647;
			files = (
			);
			runOnlyForDeploymentPostprocessing = 0;
		};
		04BF8D2B1CFBD996006C7B01 /* Frameworks */ = {
			isa = PBXFrameworksBuildPhase;
			buildActionMask = 2147483647;
			files = (
			);
			runOnlyForDeploymentPostprocessing = 0;
		};
/* End PBXFrameworksBuildPhase section */

/* Begin PBXGroup section */
		04B09E6C1CFD1E5E001D3E55 /* Mall */ = {
			isa = PBXGroup;
			children = (
				04B09E701CFD1E5E001D3E55 /* AppDelegate.h */,
				04B09E711CFD1E5E001D3E55 /* AppDelegate.m */,
				04B09E731CFD1E5E001D3E55 /* ViewController.h */,
				04B09E741CFD1E5E001D3E55 /* ViewController.m */,
				04B09E761CFD1E5E001D3E55 /* Main.storyboard */,
				04B09E791CFD1E5E001D3E55 /* Assets.xcassets */,
				04B09E7B1CFD1E5E001D3E55 /* LaunchScreen.storyboard */,
				04B09E7E1CFD1E5E001D3E55 /* Info.plist */,
				04B09E6D1CFD1E5E001D3E55 /* Supporting Files */,
				04B09E9E1CFD20CA001D3E55 /* MallIbfo.h */,
				04B09E9F1CFD20CA001D3E55 /* MallIbfo.m */,
				04B09EA11CFD235E001D3E55 /* MallCell.h */,
				04B09EA21CFD235E001D3E55 /* MallCell.m */,
				0448BD6A1CFE795300F88C58 /* Snip20160531_1.png */,
				04B09EA41CFD5AAD001D3E55 /* Images.xcassets */,
			);
			path = Mall;
			sourceTree = "<group>";
		};
		04B09E6D1CFD1E5E001D3E55 /* Supporting Files */ = {
			isa = PBXGroup;
			children = (
				04B09E6E1CFD1E5E001D3E55 /* main.m */,
			);
			name = "Supporting Files";
			sourceTree = "<group>";
		};
		04B09E861CFD1E5E001D3E55 /* MallTests */ = {
			isa = PBXGroup;
			children = (
				04B09E871CFD1E5E001D3E55 /* MallTests.m */,
				04B09E891CFD1E5E001D3E55 /* Info.plist */,
			);
			path = MallTests;
			sourceTree = "<group>";
		};
		04B09E911CFD1E5E001D3E55 /* MallUITests */ = {
			isa = PBXGroup;
			children = (
				04B09E921CFD1E5E001D3E55 /* MallUITests.m */,
				04B09E941CFD1E5E001D3E55 /* Info.plist */,
			);
			path = MallUITests;
			sourceTree = "<group>";
		};
		04BF8D011CFBD995006C7B01 = {
			isa = PBXGroup;
			children = (
				04BF8D0C1CFBD996006C7B01 /* Cart */,
				04BF8D261CFBD996006C7B01 /* CartTests */,
				04BF8D311CFBD996006C7B01 /* CartUITests */,
				04B09E6C1CFD1E5E001D3E55 /* Mall */,
				04B09E861CFD1E5E001D3E55 /* MallTests */,
				04B09E911CFD1E5E001D3E55 /* MallUITests */,
				04BF8D0B1CFBD996006C7B01 /* Products */,
			);
			sourceTree = "<group>";
		};
		04BF8D0B1CFBD996006C7B01 /* Products */ = {
			isa = PBXGroup;
			children = (
				04BF8D0A1CFBD996006C7B01 /* Cart.app */,
				04BF8D231CFBD996006C7B01 /* CartTests.xctest */,
				04BF8D2E1CFBD996006C7B01 /* CartUITests.xctest */,
				04B09E6B1CFD1E5E001D3E55 /* Mall.app */,
				04B09E831CFD1E5E001D3E55 /* MallTests.xctest */,
				04B09E8E1CFD1E5E001D3E55 /* MallUITests.xctest */,
			);
			name = Products;
			sourceTree = "<group>";
		};
		04BF8D0C1CFBD996006C7B01 /* Cart */ = {
			isa = PBXGroup;
			children = (
				04BF8D101CFBD996006C7B01 /* AppDelegate.h */,
				04BF8D111CFBD996006C7B01 /* AppDelegate.m */,
				04BF8D131CFBD996006C7B01 /* ViewController.h */,
				04BF8D141CFBD996006C7B01 /* ViewController.m */,
				04BF8D401CFBEFC4006C7B01 /* MyCell.h */,
				04BF8D411CFBEFC4006C7B01 /* MyCell.m */,
				04BF8D161CFBD996006C7B01 /* Main.storyboard */,
				04BF8D191CFBD996006C7B01 /* Assets.xcassets */,
				04BF8D1B1CFBD996006C7B01 /* LaunchScreen.storyboard */,
				04BF8D1E1CFBD996006C7B01 /* Info.plist */,
				04BF8D0D1CFBD996006C7B01 /* Supporting Files */,
			);
			path = Cart;
			sourceTree = "<group>";
		};
		04BF8D0D1CFBD996006C7B01 /* Supporting Files */ = {
			isa = PBXGroup;
			children = (
				04BF8D0E1CFBD996006C7B01 /* main.m */,
			);
			name = "Supporting Files";
			sourceTree = "<group>";
		};
		04BF8D261CFBD996006C7B01 /* CartTests */ = {
			isa = PBXGroup;
			children = (
				04BF8D271CFBD996006C7B01 /* CartTests.m */,
				04BF8D291CFBD996006C7B01 /* Info.plist */,
			);
			path = CartTests;
			sourceTree = "<group>";
		};
		04BF8D311CFBD996006C7B01 /* CartUITests */ = {
			isa = PBXGroup;
			children = (
				04BF8D321CFBD996006C7B01 /* CartUITests.m */,
				04BF8D341CFBD996006C7B01 /* Info.plist */,
			);
			path = CartUITests;
			sourceTree = "<group>";
		};
/* End PBXGroup section */

/* Begin PBXNativeTarget section */
		04B09E6A1CFD1E5E001D3E55 /* Mall */ = {
			isa = PBXNativeTarget;
			buildConfigurationList = 04B09E9B1CFD1E5E001D3E55 /* Build configuration list for PBXNativeTarget "Mall" */;
			buildPhases = (
				04B09E671CFD1E5E001D3E55 /* Sources */,
				04B09E681CFD1E5E001D3E55 /* Frameworks */,
				04B09E691CFD1E5E001D3E55 /* Resources */,
			);
			buildRules = (
			);
			dependencies = (
			);
			name = Mall;
			productName = Mall;
			productReference = 04B09E6B1CFD1E5E001D3E55 /* Mall.app */;
			productType = "com.apple.product-type.application";
		};
		04B09E821CFD1E5E001D3E55 /* MallTests */ = {
			isa = PBXNativeTarget;
			buildConfigurationList = 04B09E9C1CFD1E5E001D3E55 /* Build configuration list for PBXNativeTarget "MallTests" */;
			buildPhases = (
				04B09E7F1CFD1E5E001D3E55 /* Sources */,
				04B09E801CFD1E5E001D3E55 /* Frameworks */,
				04B09E811CFD1E5E001D3E55 /* Resources */,
			);
			buildRules = (
			);
			dependencies = (
				04B09E851CFD1E5E001D3E55 /* PBXTargetDependency */,
			);
			name = MallTests;
			productName = MallTests;
			productReference = 04B09E831CFD1E5E001D3E55 /* MallTests.xctest */;
			productType = "com.apple.product-type.bundle.unit-test";
		};
		04B09E8D1CFD1E5E001D3E55 /* MallUITests */ = {
			isa = PBXNativeTarget;
			buildConfigurationList = 04B09E9D1CFD1E5E001D3E55 /* Build configuration list for PBXNativeTarget "MallUITests" */;
			buildPhases = (
				04B09E8A1CFD1E5E001D3E55 /* Sources */,
				04B09E8B1CFD1E5E001D3E55 /* Frameworks */,
				04B09E8C1CFD1E5E001D3E55 /* Resources */,
			);
			buildRules = (
			);
			dependencies = (
				04B09E901CFD1E5E001D3E55 /* PBXTargetDependency */,
			);
			name = MallUITests;
			productName = MallUITests;
			productReference = 04B09E8E1CFD1E5E001D3E55 /* MallUITests.xctest */;
			productType = "com.apple.product-type.bundle.ui-testing";
		};
		04BF8D091CFBD996006C7B01 /* Cart */ = {
			isa = PBXNativeTarget;
			buildConfigurationList = 04BF8D371CFBD996006C7B01 /* Build configuration list for PBXNativeTarget "Cart" */;
			buildPhases = (
				04BF8D061CFBD996006C7B01 /* Sources */,
				04BF8D071CFBD996006C7B01 /* Frameworks */,
				04BF8D081CFBD996006C7B01 /* Resources */,
			);
			buildRules = (
			);
			dependencies = (
			);
			name = Cart;
			productName = Cart;
			productReference = 04BF8D0A1CFBD996006C7B01 /* Cart.app */;
			productType = "com.apple.product-type.application";
		};
		04BF8D221CFBD996006C7B01 /* CartTests */ = {
			isa = PBXNativeTarget;
			buildConfigurationList = 04BF8D3A1CFBD996006C7B01 /* Build configuration list for PBXNativeTarget "CartTests" */;
			buildPhases = (
				04BF8D1F1CFBD996006C7B01 /* Sources */,
				04BF8D201CFBD996006C7B01 /* Frameworks */,
				04BF8D211CFBD996006C7B01 /* Resources */,
			);
			buildRules = (
			);
			dependencies = (
				04BF8D251CFBD996006C7B01 /* PBXTargetDependency */,
			);
			name = CartTests;
			productName = CartTests;
			productReference = 04BF8D231CFBD996006C7B01 /* CartTests.xctest */;
			productType = "com.apple.product-type.bundle.unit-test";
		};
		04BF8D2D1CFBD996006C7B01 /* CartUITests */ = {
			isa = PBXNativeTarget;
			buildConfigurationList = 04BF8D3D1CFBD996006C7B01 /* Build configuration list for PBXNativeTarget "CartUITests" */;
			buildPhases = (
				04BF8D2A1CFBD996006C7B01 /* Sources */,
				04BF8D2B1CFBD996006C7B01 /* Frameworks */,
				04BF8D2C1CFBD996006C7B01 /* Resources */,
			);
			buildRules = (
			);
			dependencies = (
				04BF8D301CFBD996006C7B01 /* PBXTargetDependency */,
			);
			name = CartUITests;
			productName = CartUITests;
			productReference = 04BF8D2E1CFBD996006C7B01 /* CartUITests.xctest */;
			productType = "com.apple.product-type.bundle.ui-testing";
		};
/* End PBXNativeTarget section */

/* Begin PBXProject section */
		04BF8D021CFBD995006C7B01 /* Project object */ = {
			isa = PBXProject;
			attributes = {
				LastUpgradeCheck = 0730;
				ORGANIZATIONNAME = ZhenWei;
				TargetAttributes = {
					04B09E6A1CFD1E5E001D3E55 = {
						CreatedOnToolsVersion = 7.3.1;
					};
					04B09E821CFD1E5E001D3E55 = {
						CreatedOnToolsVersion = 7.3.1;
						TestTargetID = 04B09E6A1CFD1E5E001D3E55;
					};
					04B09E8D1CFD1E5E001D3E55 = {
						CreatedOnToolsVersion = 7.3.1;
						TestTargetID = 04B09E6A1CFD1E5E001D3E55;
					};
					04BF8D091CFBD996006C7B01 = {
						CreatedOnToolsVersion = 7.3.1;
						DevelopmentTeam = US3V2JJL69;
					};
					04BF8D221CFBD996006C7B01 = {
						CreatedOnToolsVersion = 7.3.1;
						TestTargetID = 04BF8D091CFBD996006C7B01;
					};
					04BF8D2D1CFBD996006C7B01 = {
						CreatedOnToolsVersion = 7.3.1;
						TestTargetID = 04BF8D091CFBD996006C7B01;
					};
				};
			};
			buildConfigurationList = 04BF8D051CFBD995006C7B01 /* Build configuration list for PBXProject "Cart" */;
			compatibilityVersion = "Xcode 3.2";
			developmentRegion = English;
			hasScannedForEncodings = 0;
			knownRegions = (
				en,
				Base,
			);
			mainGroup = 04BF8D011CFBD995006C7B01;
			productRefGroup = 04BF8D0B1CFBD996006C7B01 /* Products */;
			projectDirPath = "";
			projectRoot = "";
			targets = (
				04BF8D091CFBD996006C7B01 /* Cart */,
				04BF8D221CFBD996006C7B01 /* CartTests */,
				04BF8D2D1CFBD996006C7B01 /* CartUITests */,
				04B09E6A1CFD1E5E001D3E55 /* Mall */,
				04B09E821CFD1E5E001D3E55 /* MallTests */,
				04B09E8D1CFD1E5E001D3E55 /* MallUITests */,
			);
		};
/* End PBXProject section */

/* Begin PBXResourcesBuildPhase section */
		04B09E691CFD1E5E001D3E55 /* Resources */ = {
			isa = PBXResourcesBuildPhase;
			buildActionMask = 2147483647;
			files = (
				04B09E7D1CFD1E5E001D3E55 /* LaunchScreen.storyboard in Resources */,
				04B09EA51CFD5AAD001D3E55 /* Images.xcassets in Resources */,
				0448BD6B1CFE795300F88C58 /* Snip20160531_1.png in Resources */,
				04B09E7A1CFD1E5E001D3E55 /* Assets.xcassets in Resources */,
				04B09E781CFD1E5E001D3E55 /* Main.storyboard in Resources */,
			);
			runOnlyForDeploymentPostprocessing = 0;
		};
		04B09E811CFD1E5E001D3E55 /* Resources */ = {
			isa = PBXResourcesBuildPhase;
			buildActionMask = 2147483647;
			files = (
			);
			runOnlyForDeploymentPostprocessing = 0;
		};
		04B09E8C1CFD1E5E001D3E55 /* Resources */ = {
			isa = PBXResourcesBuildPhase;
			buildActionMask = 2147483647;
			files = (
			);
			runOnlyForDeploymentPostprocessing = 0;
		};
		04BF8D081CFBD996006C7B01 /* Resources */ = {
			isa = PBXResourcesBuildPhase;
			buildActionMask = 2147483647;
			files = (
				04BF8D1D1CFBD996006C7B01 /* LaunchScreen.storyboard in Resources */,
				04BF8D1A1CFBD996006C7B01 /* Assets.xcassets in Resources */,
				04BF8D181CFBD996006C7B01 /* Main.storyboard in Resources */,
			);
			runOnlyForDeploymentPostprocessing = 0;
		};
		04BF8D211CFBD996006C7B01 /* Resources */ = {
			isa = PBXResourcesBuildPhase;
			buildActionMask = 2147483647;
			files = (
			);
			runOnlyForDeploymentPostprocessing = 0;
		};
		04BF8D2C1CFBD996006C7B01 /* Resources */ = {
			isa = PBXResourcesBuildPhase;
			buildActionMask = 2147483647;
			files = (
			);
			runOnlyForDeploymentPostprocessing = 0;
		};
/* End PBXResourcesBuildPhase section */

/* Begin PBXSourcesBuildPhase section */
		04B09E671CFD1E5E001D3E55 /* Sources */ = {
			isa = PBXSourcesBuildPhase;
			buildActionMask = 2147483647;
			files = (
				04B09E751CFD1E5E001D3E55 /* ViewController.m in Sources */,
				04B09E721CFD1E5E001D3E55 /* AppDelegate.m in Sources */,
				04B09E6F1CFD1E5E001D3E55 /* main.m in Sources */,
				04B09EA01CFD20CA001D3E55 /* MallIbfo.m in Sources */,
				04B09EA31CFD235E001D3E55 /* MallCell.m in Sources */,
			);
			runOnlyForDeploymentPostprocessing = 0;
		};
		04B09E7F1CFD1E5E001D3E55 /* Sources */ = {
			isa = PBXSourcesBuildPhase;
			buildActionMask = 2147483647;
			files = (
				04B09E881CFD1E5E001D3E55 /* MallTests.m in Sources */,
			);
			runOnlyForDeploymentPostprocessing = 0;
		};
		04B09E8A1CFD1E5E001D3E55 /* Sources */ = {
			isa = PBXSourcesBuildPhase;
			buildActionMask = 2147483647;
			files = (
				04B09E931CFD1E5E001D3E55 /* MallUITests.m in Sources */,
			);
			runOnlyForDeploymentPostprocessing = 0;
		};
		04BF8D061CFBD996006C7B01 /* Sources */ = {
			isa = PBXSourcesBuildPhase;
			buildActionMask = 2147483647;
			files = (
				04BF8D151CFBD996006C7B01 /* ViewController.m in Sources */,
				04BF8D421CFBEFC4006C7B01 /* MyCell.m in Sources */,
				04BF8D121CFBD996006C7B01 /* AppDelegate.m in Sources */,
				04BF8D0F1CFBD996006C7B01 /* main.m in Sources */,
			);
			runOnlyForDeploymentPostprocessing = 0;
		};
		04BF8D1F1CFBD996006C7B01 /* Sources */ = {
			isa = PBXSourcesBuildPhase;
			buildActionMask = 2147483647;
			files = (
				04BF8D281CFBD996006C7B01 /* CartTests.m in Sources */,
			);
			runOnlyForDeploymentPostprocessing = 0;
		};
		04BF8D2A1CFBD996006C7B01 /* Sources */ = {
			isa = PBXSourcesBuildPhase;
			buildActionMask = 2147483647;
			files = (
				04BF8D331CFBD996006C7B01 /* CartUITests.m in Sources */,
			);
			runOnlyForDeploymentPostprocessing = 0;
		};
/* End PBXSourcesBuildPhase section */

/* Begin PBXTargetDependency section */
		04B09E851CFD1E5E001D3E55 /* PBXTargetDependency */ = {
			isa = PBXTargetDependency;
			target = 04B09E6A1CFD1E5E001D3E55 /* Mall */;
			targetProxy = 04B09E841CFD1E5E001D3E55 /* PBXContainerItemProxy */;
		};
		04B09E901CFD1E5E001D3E55 /* PBXTargetDependency */ = {
			isa = PBXTargetDependency;
			target = 04B09E6A1CFD1E5E001D3E55 /* Mall */;
			targetProxy = 04B09E8F1CFD1E5E001D3E55 /* PBXContainerItemProxy */;
		};
		04BF8D251CFBD996006C7B01 /* PBXTargetDependency */ = {
			isa = PBXTargetDependency;
			target = 04BF8D091CFBD996006C7B01 /* Cart */;
			targetProxy = 04BF8D241CFBD996006C7B01 /* PBXContainerItemProxy */;
		};
		04BF8D301CFBD996006C7B01 /* PBXTargetDependency */ = {
			isa = PBXTargetDependency;
			target = 04BF8D091CFBD996006C7B01 /* Cart */;
			targetProxy = 04BF8D2F1CFBD996006C7B01 /* PBXContainerItemProxy */;
		};
/* End PBXTargetDependency section */

/* Begin PBXVariantGroup section */
		04B09E761CFD1E5E001D3E55 /* Main.storyboard */ = {
			isa = PBXVariantGroup;
			children = (
				04B09E771CFD1E5E001D3E55 /* Base */,
			);
			name = Main.storyboard;
			sourceTree = "<group>";
		};
		04B09E7B1CFD1E5E001D3E55 /* LaunchScreen.storyboard */ = {
			isa = PBXVariantGroup;
			children = (
				04B09E7C1CFD1E5E001D3E55 /* Base */,
			);
			name = LaunchScreen.storyboard;
			sourceTree = "<group>";
		};
		04BF8D161CFBD996006C7B01 /* Main.storyboard */ = {
			isa = PBXVariantGroup;
			children = (
				04BF8D171CFBD996006C7B01 /* Base */,
			);
			name = Main.storyboard;
			sourceTree = "<group>";
		};
		04BF8D1B1CFBD996006C7B01 /* LaunchScreen.storyboard */ = {
			isa = PBXVariantGroup;
			children = (
				04BF8D1C1CFBD996006C7B01 /* Base */,
			);
			name = LaunchScreen.storyboard;
			sourceTree = "<group>";
		};
/* End PBXVariantGroup section */

/* Begin XCBuildConfiguration section */
		04B09E951CFD1E5E001D3E55 /* Debug */ = {
			isa = XCBuildConfiguration;
			buildSettings = {
				ASSETCATALOG_COMPILER_APPICON_NAME = AppIcon;
				ASSETCATALOG_COMPILER_LAUNCHIMAGE_NAME = LaunchImage;
				INFOPLIST_FILE = Mall/Info.plist;
				IPHONEOS_DEPLOYMENT_TARGET = 7.0;
				LD_RUNPATH_SEARCH_PATHS = "$(inherited) @executable_path/Frameworks";
				PRODUCT_BUNDLE_IDENTIFIER = com.zhenwei.123.Mall;
				PRODUCT_NAME = "$(TARGET_NAME)";
			};
			name = Debug;
		};
		04B09E961CFD1E5E001D3E55 /* Release */ = {
			isa = XCBuildConfiguration;
			buildSettings = {
				ASSETCATALOG_COMPILER_APPICON_NAME = AppIcon;
				ASSETCATALOG_COMPILER_LAUNCHIMAGE_NAME = LaunchImage;
				INFOPLIST_FILE = Mall/Info.plist;
				IPHONEOS_DEPLOYMENT_TARGET = 7.0;
				LD_RUNPATH_SEARCH_PATHS = "$(inherited) @executable_path/Frameworks";
				PRODUCT_BUNDLE_IDENTIFIER = com.zhenwei.123.Mall;
				PRODUCT_NAME = "$(TARGET_NAME)";
			};
			name = Release;
		};
		04B09E971CFD1E5E001D3E55 /* Debug */ = {
			isa = XCBuildConfiguration;
			buildSettings = {
				BUNDLE_LOADER = "$(TEST_HOST)";
				INFOPLIST_FILE = MallTests/Info.plist;
				LD_RUNPATH_SEARCH_PATHS = "$(inherited) @executable_path/Frameworks @loader_path/Frameworks";
				PRODUCT_BUNDLE_IDENTIFIER = com.zhenwei.123.MallTests;
				PRODUCT_NAME = "$(TARGET_NAME)";
				TEST_HOST = "$(BUILT_PRODUCTS_DIR)/Mall.app/Mall";
			};
			name = Debug;
		};
		04B09E981CFD1E5E001D3E55 /* Release */ = {
			isa = XCBuildConfiguration;
			buildSettings = {
				BUNDLE_LOADER = "$(TEST_HOST)";
				INFOPLIST_FILE = MallTests/Info.plist;
				LD_RUNPATH_SEARCH_PATHS = "$(inherited) @executable_path/Frameworks @loader_path/Frameworks";
				PRODUCT_BUNDLE_IDENTIFIER = com.zhenwei.123.MallTests;
				PRODUCT_NAME = "$(TARGET_NAME)";
				TEST_HOST = "$(BUILT_PRODUCTS_DIR)/Mall.app/Mall";
			};
			name = Release;
		};
		04B09E991CFD1E5E001D3E55 /* Debug */ = {
			isa = XCBuildConfiguration;
			buildSettings = {
				INFOPLIST_FILE = MallUITests/Info.plist;
				LD_RUNPATH_SEARCH_PATHS = "$(inherited) @executable_path/Frameworks @loader_path/Frameworks";
				PRODUCT_BUNDLE_IDENTIFIER = com.zhenwei.123.MallUITests;
				PRODUCT_NAME = "$(TARGET_NAME)";
				TEST_TARGET_NAME = Mall;
			};
			name = Debug;
		};
		04B09E9A1CFD1E5E001D3E55 /* Release */ = {
			isa = XCBuildConfiguration;
			buildSettings = {
				INFOPLIST_FILE = MallUITests/Info.plist;
				LD_RUNPATH_SEARCH_PATHS = "$(inherited) @executable_path/Frameworks @loader_path/Frameworks";
				PRODUCT_BUNDLE_IDENTIFIER = com.zhenwei.123.MallUITests;
				PRODUCT_NAME = "$(TARGET_NAME)";
				TEST_TARGET_NAME = Mall;
			};
			name = Release;
		};
		04BF8D351CFBD996006C7B01 /* Debug */ = {
			isa = XCBuildConfiguration;
			buildSettings = {
				ALWAYS_SEARCH_USER_PATHS = NO;
				CLANG_ANALYZER_NONNULL = YES;
				CLANG_CXX_LANGUAGE_STANDARD = "gnu++0x";
				CLANG_CXX_LIBRARY = "libc++";
				CLANG_ENABLE_MODULES = YES;
				CLANG_ENABLE_OBJC_ARC = YES;
				CLANG_WARN_BOOL_CONVERSION = YES;
				CLANG_WARN_CONSTANT_CONVERSION = YES;
				CLANG_WARN_DIRECT_OBJC_ISA_USAGE = YES_ERROR;
				CLANG_WARN_EMPTY_BODY = YES;
				CLANG_WARN_ENUM_CONVERSION = YES;
				CLANG_WARN_INT_CONVERSION = YES;
				CLANG_WARN_OBJC_ROOT_CLASS = YES_ERROR;
				CLANG_WARN_UNREACHABLE_CODE = YES;
				CLANG_WARN__DUPLICATE_METHOD_MATCH = YES;
				"CODE_SIGN_IDENTITY[sdk=iphoneos*]" = "iPhone Developer";
				COPY_PHASE_STRIP = NO;
				DEBUG_INFORMATION_FORMAT = dwarf;
				ENABLE_STRICT_OBJC_MSGSEND = YES;
				ENABLE_TESTABILITY = YES;
				GCC_C_LANGUAGE_STANDARD = gnu99;
				GCC_DYNAMIC_NO_PIC = NO;
				GCC_NO_COMMON_BLOCKS = YES;
				GCC_OPTIMIZATION_LEVEL = 0;
				GCC_PREPROCESSOR_DEFINITIONS = (
					"DEBUG=1",
					"$(inherited)",
				);
				GCC_WARN_64_TO_32_BIT_CONVERSION = YES;
				GCC_WARN_ABOUT_RETURN_TYPE = YES_ERROR;
				GCC_WARN_UNDECLARED_SELECTOR = YES;
				GCC_WARN_UNINITIALIZED_AUTOS = YES_AGGRESSIVE;
				GCC_WARN_UNUSED_FUNCTION = YES;
				GCC_WARN_UNUSED_VARIABLE = YES;
				IPHONEOS_DEPLOYMENT_TARGET = 9.3;
				MTL_ENABLE_DEBUG_INFO = YES;
				ONLY_ACTIVE_ARCH = YES;
				SDKROOT = iphoneos;
				TARGETED_DEVICE_FAMILY = "1,2";
			};
			name = Debug;
		};
		04BF8D361CFBD996006C7B01 /* Release */ = {
			isa = XCBuildConfiguration;
			buildSettings = {
				ALWAYS_SEARCH_USER_PATHS = NO;
				CLANG_ANALYZER_NONNULL = YES;
				CLANG_CXX_LANGUAGE_STANDARD = "gnu++0x";
				CLANG_CXX_LIBRARY = "libc++";
				CLANG_ENABLE_MODULES = YES;
				CLANG_ENABLE_OBJC_ARC = YES;
				CLANG_WARN_BOOL_CONVERSION = YES;
				CLANG_WARN_CONSTANT_CONVERSION = YES;
				CLANG_WARN_DIRECT_OBJC_ISA_USAGE = YES_ERROR;
				CLANG_WARN_EMPTY_BODY = YES;
				CLANG_WARN_ENUM_CONVERSION = YES;
				CLANG_WARN_INT_CONVERSION = YES;
				CLANG_WARN_OBJC_ROOT_CLASS = YES_ERROR;
				CLANG_WARN_UNREACHABLE_CODE = YES;
				CLANG_WARN__DUPLICATE_METHOD_MATCH = YES;
				"CODE_SIGN_IDENTITY[sdk=iphoneos*]" = "iPhone Developer";
				COPY_PHASE_STRIP = NO;
				DEBUG_INFORMATION_FORMAT = "dwarf-with-dsym";
				ENABLE_NS_ASSERTIONS = NO;
				ENABLE_STRICT_OBJC_MSGSEND = YES;
				GCC_C_LANGUAGE_STANDARD = gnu99;
				GCC_NO_COMMON_BLOCKS = YES;
				GCC_WARN_64_TO_32_BIT_CONVERSION = YES;
				GCC_WARN_ABOUT_RETURN_TYPE = YES_ERROR;
				GCC_WARN_UNDECLARED_SELECTOR = YES;
				GCC_WARN_UNINITIALIZED_AUTOS = YES_AGGRESSIVE;
				GCC_WARN_UNUSED_FUNCTION = YES;
				GCC_WARN_UNUSED_VARIABLE = YES;
				IPHONEOS_DEPLOYMENT_TARGET = 9.3;
				MTL_ENABLE_DEBUG_INFO = NO;
				SDKROOT = iphoneos;
				TARGETED_DEVICE_FAMILY = "1,2";
				VALIDATE_PRODUCT = YES;
			};
			name = Release;
		};
		04BF8D381CFBD996006C7B01 /* Debug */ = {
			isa = XCBuildConfiguration;
			buildSettings = {
				ASSETCATALOG_COMPILER_APPICON_NAME = AppIcon;
				CODE_SIGN_IDENTITY = "iPhone Developer";
				"CODE_SIGN_IDENTITY[sdk=iphoneos*]" = "iPhone Developer";
				INFOPLIST_FILE = Cart/Info.plist;
				LD_RUNPATH_SEARCH_PATHS = "$(inherited) @executable_path/Frameworks";
				PRODUCT_BUNDLE_IDENTIFIER = com.zhenwei.123.Cart;
				PRODUCT_NAME = "$(TARGET_NAME)";
				PROVISIONING_PROFILE = "";
			};
			name = Debug;
		};
		04BF8D391CFBD996006C7B01 /* Release */ = {
			isa = XCBuildConfiguration;
			buildSettings = {
				ASSETCATALOG_COMPILER_APPICON_NAME = AppIcon;
				CODE_SIGN_IDENTITY = "iPhone Developer";
				"CODE_SIGN_IDENTITY[sdk=iphoneos*]" = "iPhone Developer";
				INFOPLIST_FILE = Cart/Info.plist;
				LD_RUNPATH_SEARCH_PATHS = "$(inherited) @executable_path/Frameworks";
				PRODUCT_BUNDLE_IDENTIFIER = com.zhenwei.123.Cart;
				PRODUCT_NAME = "$(TARGET_NAME)";
				PROVISIONING_PROFILE = "";
			};
			name = Release;
		};
		04BF8D3B1CFBD996006C7B01 /* Debug */ = {
			isa = XCBuildConfiguration;
			buildSettings = {
				BUNDLE_LOADER = "$(TEST_HOST)";
				INFOPLIST_FILE = CartTests/Info.plist;
				LD_RUNPATH_SEARCH_PATHS = "$(inherited) @executable_path/Frameworks @loader_path/Frameworks";
				PRODUCT_BUNDLE_IDENTIFIER = com.zhenwei.123.CartTests;
				PRODUCT_NAME = "$(TARGET_NAME)";
				TEST_HOST = "$(BUILT_PRODUCTS_DIR)/Cart.app/Cart";
			};
			name = Debug;
		};
		04BF8D3C1CFBD996006C7B01 /* Release */ = {
			isa = XCBuildConfiguration;
			buildSettings = {
				BUNDLE_LOADER = "$(TEST_HOST)";
				INFOPLIST_FILE = CartTests/Info.plist;
				LD_RUNPATH_SEARCH_PATHS = "$(inherited) @executable_path/Frameworks @loader_path/Frameworks";
				PRODUCT_BUNDLE_IDENTIFIER = com.zhenwei.123.CartTests;
				PRODUCT_NAME = "$(TARGET_NAME)";
				TEST_HOST = "$(BUILT_PRODUCTS_DIR)/Cart.app/Cart";
			};
			name = Release;
		};
		04BF8D3E1CFBD996006C7B01 /* Debug */ = {
			isa = XCBuildConfiguration;
			buildSettings = {
				INFOPLIST_FILE = CartUITests/Info.plist;
				LD_RUNPATH_SEARCH_PATHS = "$(inherited) @executable_path/Frameworks @loader_path/Frameworks";
				PRODUCT_BUNDLE_IDENTIFIER = com.zhenwei.123.CartUITests;
				PRODUCT_NAME = "$(TARGET_NAME)";
				TEST_TARGET_NAME = Cart;
			};
			name = Debug;
		};
		04BF8D3F1CFBD996006C7B01 /* Release */ = {
			isa = XCBuildConfiguration;
			buildSettings = {
				INFOPLIST_FILE = CartUITests/Info.plist;
				LD_RUNPATH_SEARCH_PATHS = "$(inherited) @executable_path/Frameworks @loader_path/Frameworks";
				PRODUCT_BUNDLE_IDENTIFIER = com.zhenwei.123.CartUITests;
				PRODUCT_NAME = "$(TARGET_NAME)";
				TEST_TARGET_NAME = Cart;
			};
			name = Release;
		};
/* End XCBuildConfiguration section */

/* Begin XCConfigurationList section */
		04B09E9B1CFD1E5E001D3E55 /* Build configuration list for PBXNativeTarget "Mall" */ = {
			isa = XCConfigurationList;
			buildConfigurations = (
				04B09E951CFD1E5E001D3E55 /* Debug */,
				04B09E961CFD1E5E001D3E55 /* Release */,
			);
			defaultConfigurationIsVisible = 0;
			defaultConfigurationName = Release;
		};
		04B09E9C1CFD1E5E001D3E55 /* Build configuration list for PBXNativeTarget "MallTests" */ = {
			isa = XCConfigurationList;
			buildConfigurations = (
				04B09E971CFD1E5E001D3E55 /* Debug */,
				04B09E981CFD1E5E001D3E55 /* Release */,
			);
			defaultConfigurationIsVisible = 0;
			defaultConfigurationName = Release;
		};
		04B09E9D1CFD1E5E001D3E55 /* Build configuration list for PBXNativeTarget "MallUITests" */ = {
			isa = XCConfigurationList;
			buildConfigurations = (
				04B09E991CFD1E5E001D3E55 /* Debug */,
				04B09E9A1CFD1E5E001D3E55 /* Release */,
			);
			defaultConfigurationIsVisible = 0;
			defaultConfigurationName = Release;
		};
		04BF8D051CFBD995006C7B01 /* Build configuration list for PBXProject "Cart" */ = {
			isa = XCConfigurationList;
			buildConfigurations = (
				04BF8D351CFBD996006C7B01 /* Debug */,
				04BF8D361CFBD996006C7B01 /* Release */,
			);
			defaultConfigurationIsVisible = 0;
			defaultConfigurationName = Release;
		};
		04BF8D371CFBD996006C7B01 /* Build configuration list for PBXNativeTarget "Cart" */ = {
			isa = XCConfigurationList;
			buildConfigurations = (
				04BF8D381CFBD996006C7B01 /* Debug */,
				04BF8D391CFBD996006C7B01 /* Release */,
			);
			defaultConfigurationIsVisible = 0;
			defaultConfigurationName = Release;
		};
		04BF8D3A1CFBD996006C7B01 /* Build configuration list for PBXNativeTarget "CartTests" */ = {
			isa = XCConfigurationList;
			buildConfigurations = (
				04BF8D3B1CFBD996006C7B01 /* Debug */,
				04BF8D3C1CFBD996006C7B01 /* Release */,
			);
			defaultConfigurationIsVisible = 0;
			defaultConfigurationName = Release;
		};
		04BF8D3D1CFBD996006C7B01 /* Build configuration list for PBXNativeTarget "CartUITests" */ = {
			isa = XCConfigurationList;
			buildConfigurations = (
				04BF8D3E1CFBD996006C7B01 /* Debug */,
				04BF8D3F1CFBD996006C7B01 /* Release */,
			);
			defaultConfigurationIsVisible = 0;
			defaultConfigurationName = Release;
		};
/* End XCConfigurationList section */
	};
	rootObject = 04BF8D021CFBD995006C7B01 /* Project object */;
}
